
Microsoft Visual Studio Solution File, Format Version 12.00
# Visual Studio Version 17
VisualStudioVersion = 17.10.35013.160
MinimumVisualStudioVersion = 10.0.40219.1
Project("{9A19103F-16F7-4668-BE54-9A1E7A4F7556}") = "Prestamium.Api", "Prestamium.Api\Prestamium.Api.csproj", "{59DAAA9E-9023-43D5-8F73-013ED3363F70}"
EndProject
Project("{9A19103F-16F7-4668-BE54-9A1E7A4F7556}") = "Prestamium.Entities", "Prestamium.Entities\Prestamium.Entities.csproj", "{38E01AF8-B870-469D-BB88-4CE5EC9725C8}"
EndProject
Project("{9A19103F-16F7-4668-BE54-9A1E7A4F7556}") = "Prestamium.Repositories", "Prestamium.Repositories\Prestamium.Repositories.csproj", "{7F89CBB3-C30F-4109-9E7A-1A07D0B10A9D}"
EndProject
Project("{FAE04EC0-301F-11D3-BF4B-00C04F79EFBC}") = "Prestamium.Persistence", "Prestamium.Persistence\Prestamium.Persistence.csproj", "{F875BE50-227A-45FB-88E1-45F6AEF41723}"
EndProject
Global
	GlobalSection(SolutionConfigurationPlatforms) = preSolution
		Debug|Any CPU = Debug|Any CPU
		Release|Any CPU = Release|Any CPU
	EndGlobalSection
	GlobalSection(ProjectConfigurationPlatforms) = postSolution
		{59DAAA9E-9023-43D5-8F73-013ED3363F70}.Debug|Any CPU.ActiveCfg = Debug|Any CPU
		{59DAAA9E-9023-43D5-8F73-013ED3363F70}.Debug|Any CPU.Build.0 = Debug|Any CPU
		{59DAAA9E-9023-43D5-8F73-013ED3363F70}.Release|Any CPU.ActiveCfg = Release|Any CPU
		{59DAAA9E-9023-43D5-8F73-013ED3363F70}.Release|Any CPU.Build.0 = Release|Any CPU
		{38E01AF8-B870-469D-BB88-4CE5EC9725C8}.Debug|Any CPU.ActiveCfg = Debug|Any CPU
		{38E01AF8-B870-469D-BB88-4CE5EC9725C8}.Debug|Any CPU.Build.0 = Debug|Any CPU
		{38E01AF8-B870-469D-BB88-4CE5EC9725C8}.Release|Any CPU.ActiveCfg = Release|Any CPU
		{38E01AF8-B870-469D-BB88-4CE5EC9725C8}.Release|Any CPU.Build.0 = Release|Any CPU
		{7F89CBB3-C30F-4109-9E7A-1A07D0B10A9D}.Debug|Any CPU.ActiveCfg = Debug|Any CPU
		{7F89CBB3-C30F-4109-9E7A-1A07D0B10A9D}.Debug|Any CPU.Build.0 = Debug|Any CPU
		{7F89CBB3-C30F-4109-9E7A-1A07D0B10A9D}.Release|Any CPU.ActiveCfg = Release|Any CPU
		{7F89CBB3-C30F-4109-9E7A-1A07D0B10A9D}.Release|Any CPU.Build.0 = Release|Any CPU
		{F875BE50-227A-45FB-88E1-45F6AEF41723}.Debug|Any CPU.ActiveCfg = Debug|Any CPU
		{F875BE50-227A-45FB-88E1-45F6AEF41723}.Debug|Any CPU.Build.0 = Debug|Any CPU
		{F875BE50-227A-45FB-88E1-45F6AEF41723}.Release|Any CPU.ActiveCfg = Release|Any CPU
		{F875BE50-227A-45FB-88E1-45F6AEF41723}.Release|Any CPU.Build.0 = Release|Any CPU
	EndGlobalSection
	GlobalSection(SolutionProperties) = preSolution
		HideSolutionNode = FALSE
	EndGlobalSection
	GlobalSection(ExtensibilityGlobals) = postSolution
		SolutionGuid = {4C1AE751-DA07-4A69-9F80-7480CC8C4657}
	EndGlobalSection
EndGlobal
